
Microsoft Visual Studio Solution File, Format Version 12.00
# Visual Studio Version 17
VisualStudioVersion = 17.7.34221.43
MinimumVisualStudioVersion = 10.0.40219.1
Project("{9A19103F-16F7-4668-BE54-9A1E7A4F7556}") = "LarryDotNetCore.ConsoleApp", "LarryDotNetCore.ConsoleApp\LarryDotNetCore.ConsoleApp.csproj", "{A76E2271-EAFF-4E08-AE8D-F7F0B4A8E8CF}"
EndProject
Project("{9A19103F-16F7-4668-BE54-9A1E7A4F7556}") = "LarryDotNetCore.RestApi", "LarryDotNetCore.RestApi\LarryDotNetCore.RestApi.csproj", "{CC04AF24-0DC7-4AB1-94CC-490BF13CCE55}"
EndProject
Project("{9A19103F-16F7-4668-BE54-9A1E7A4F7556}") = "LarryDotNetCore.MinimalApi", "LarryDotNetCore.MinimalApi\LarryDotNetCore.MinimalApi.csproj", "{215C71BC-A3E6-422C-B29E-26E16E3D851A}"
EndProject
Project("{9A19103F-16F7-4668-BE54-9A1E7A4F7556}") = "LarryDotNetCore.MVCApp", "LarryDotNetCore.MVCApp\LarryDotNetCore.MVCApp.csproj", "{E29DF05A-A3C4-4CFA-8629-3D48EFFA979E}"
EndProject
Project("{FAE04EC0-301F-11D3-BF4B-00C04F79EFBC}") = "Testing.RestApi", "Testing.RestApi\Testing.RestApi.csproj", "{DA409169-EBAA-4804-9C2D-C6965547D58E}"
EndProject
Global
	GlobalSection(SolutionConfigurationPlatforms) = preSolution
		Debug|Any CPU = Debug|Any CPU
		Release|Any CPU = Release|Any CPU
	EndGlobalSection
	GlobalSection(ProjectConfigurationPlatforms) = postSolution
		{A76E2271-EAFF-4E08-AE8D-F7F0B4A8E8CF}.Debug|Any CPU.ActiveCfg = Debug|Any CPU
		{A76E2271-EAFF-4E08-AE8D-F7F0B4A8E8CF}.Debug|Any CPU.Build.0 = Debug|Any CPU
		{A76E2271-EAFF-4E08-AE8D-F7F0B4A8E8CF}.Release|Any CPU.ActiveCfg = Release|Any CPU
		{A76E2271-EAFF-4E08-AE8D-F7F0B4A8E8CF}.Release|Any CPU.Build.0 = Release|Any CPU
		{CC04AF24-0DC7-4AB1-94CC-490BF13CCE55}.Debug|Any CPU.ActiveCfg = Debug|Any CPU
		{CC04AF24-0DC7-4AB1-94CC-490BF13CCE55}.Debug|Any CPU.Build.0 = Debug|Any CPU
		{CC04AF24-0DC7-4AB1-94CC-490BF13CCE55}.Release|Any CPU.ActiveCfg = Release|Any CPU
		{CC04AF24-0DC7-4AB1-94CC-490BF13CCE55}.Release|Any CPU.Build.0 = Release|Any CPU
		{215C71BC-A3E6-422C-B29E-26E16E3D851A}.Debug|Any CPU.ActiveCfg = Debug|Any CPU
		{215C71BC-A3E6-422C-B29E-26E16E3D851A}.Debug|Any CPU.Build.0 = Debug|Any CPU
		{215C71BC-A3E6-422C-B29E-26E16E3D851A}.Release|Any CPU.ActiveCfg = Release|Any CPU
		{215C71BC-A3E6-422C-B29E-26E16E3D851A}.Release|Any CPU.Build.0 = Release|Any CPU
		{E29DF05A-A3C4-4CFA-8629-3D48EFFA979E}.Debug|Any CPU.ActiveCfg = Debug|Any CPU
		{E29DF05A-A3C4-4CFA-8629-3D48EFFA979E}.Debug|Any CPU.Build.0 = Debug|Any CPU
		{E29DF05A-A3C4-4CFA-8629-3D48EFFA979E}.Release|Any CPU.ActiveCfg = Release|Any CPU
		{E29DF05A-A3C4-4CFA-8629-3D48EFFA979E}.Release|Any CPU.Build.0 = Release|Any CPU
		{DA409169-EBAA-4804-9C2D-C6965547D58E}.Debug|Any CPU.ActiveCfg = Debug|Any CPU
		{DA409169-EBAA-4804-9C2D-C6965547D58E}.Debug|Any CPU.Build.0 = Debug|Any CPU
		{DA409169-EBAA-4804-9C2D-C6965547D58E}.Release|Any CPU.ActiveCfg = Release|Any CPU
		{DA409169-EBAA-4804-9C2D-C6965547D58E}.Release|Any CPU.Build.0 = Release|Any CPU
	EndGlobalSection
	GlobalSection(SolutionProperties) = preSolution
		HideSolutionNode = FALSE
	EndGlobalSection
	GlobalSection(ExtensibilityGlobals) = postSolution
		SolutionGuid = {BE9BF49D-A5E3-4186-AAD9-F0C30DF4068E}
	EndGlobalSection
EndGlobal
